{
  "nodes": {
    "disko": {
      "inputs": {
        "nixpkgs": [
          "nixpkgs"
        ]
      },
      "locked": {
        "lastModified": 1789770686,
        "narHash": "sha256-uZkBR7yHdIKUFB5SZdfgh1qkGfI3XmYmI/lTiquxbck=",
        "ref": "refs/heads/master",
        "rev": "725ea35e410ad83be4931d1bff7e090eacaf3563",
        "shallow": true,
        "type": "git",
        "url": "https://github.com/nix-community/disko"
      },
      "original": {
        "shallow": true,
        "type": "git",
        "url": "https://github.com/nix-community/disko"
      }
    },
    "disko_2": {
      "inputs": {
        "nixpkgs": [
          "nixos-anywhere",
          "nixpkgs"
        ]
      },
      "locked": {
        "lastModified": 1781152676,
        "narHash": "sha256-RxWs5ND31KzTG7wvMM+PMfUjyNpmIEr999lqNARaM5o=",
        "owner": "nix-community",
        "repo": "disko",
        "rev": "ff8702b4de27f72b4c78573dfb89ec74e36abdf1",
        "type": "github"
      },
      "original": {
        "owner": "nix-community",
        "ref": "master",
        "repo": "disko",
        "type": "github"
      }
    },
    "home-manager": {
      "inputs": {
        "nixpkgs": [
          "nixpkgs"
        ]
      },
      "locked": {
        "lastModified": 1789915421,
        "narHash": "sha256-sLY2PSiu5EGJXgTDAQjHKzzezdpPk0lre9MD2VLpqew=",
        "ref": "refs/heads/master",
        "rev": "1944398834e2b9677ee6081e11e42c32d7c1eb5d",
        "shallow": true,
        "type": "git",
        "url": "https://github.com/nix-community/home-manager"
      },
      "original": {
        "shallow": true,
        "type": "git",
        "url": "https://github.com/nix-community/home-manager"
      }
    },
    "my-emacs-config": {
      "locked": {
        "lastModified": 1782545812,
        "narHash": "sha256-BAora7DQWUAiPRfp69rul/08vg75o3hiBKdVaNhCr2o=",
        "ref": "refs/heads/main",
        "rev": "d1a0720c8005ab6e6ef33b5920fcfa90a8bb5899",
        "shallow": true,
        "type": "git",
        "url": "https://github.com/orbsh/emacs"
      },
      "original": {
        "shallow": true,
        "type": "git",
        "url": "https://github.com/orbsh/emacs"
      }
    },
    "my-mudra-config": {
      "locked": {
        "lastModified": 1788665298,
        "narHash": "sha256-9KZJZqScFIGEaO3VY7hNESAM+QzjSWcPwZQiQVIFuCg=",
        "ref": "refs/heads/main",
        "rev": "e3208b35c3fa726d36f14f2e20e3d1e65d42e5a1",
        "shallow": true,
        "type": "git",
        "url": "https://github.com/orbsh/mudra"
      },
      "original": {
        "shallow": true,
        "type": "git",
        "url": "https://github.com/orbsh/mudra"
      }
    },
    "my-nushell-config": {
      "locked": {
        "lastModified": 1789641736,
        "narHash": "sha256-BWCiTEq3NdVSwkNKAq57TcfjDiougsSRyAUYRe3gzX8=",
        "ref": "refs/heads/main",
        "rev": "e1807977464f2ba7233dbdd095f0c3dcba463a50",
        "shallow": true,
        "type": "git",
        "url": "https://github.com/orbsh/nushell"
      },
      "original": {
        "shallow": true,
        "type": "git",
        "url": "https://github.com/orbsh/nushell"
      }
    },
    "my-nvim-config": {
      "locked": {
        "lastModified": 1789201840,
        "narHash": "sha256-GyUvpmdo5H0kwBkSpA4AaK+FsWn8hGPSRf2cEwiLcrw=",
        "ref": "refs/heads/main",
        "rev": "81772b404691a5dcb4e52c695b0e64f83ab1db1f",
        "shallow": true,
        "type": "git",
        "url": "https://github.com/orbsh/nvim-lua"
      },
      "original": {
        "shallow": true,
        "type": "git",
        "url": "https://github.com/orbsh/nvim-lua"
      }
    },
    "nix-vm-test": {
      "inputs": {
        "nixpkgs": [
          "nixos-anywhere",
          "nixpkgs"
        ]
      },
      "locked": {
        "lastModified": 1786747096,
        "narHash": "sha256-9QqhmaLVsPhKdMSBaWKjDqeGRn8G4ov4cVuZ6JFwXbo=",
        "owner": "numtide",
        "repo": "nix-vm-test",
        "rev": "c8781a0ea2d8417506fff7722eae5a6316461212",
        "type": "github"
      },
      "original": {
        "owner": "numtide",
        "repo": "nix-vm-test",
        "type": "github"
      }
    },
    "nix2container": {
      "inputs": {
        "nixpkgs": [
          "nixpkgs"
        ]
      },
      "locked": {
        "lastModified": 1788758950,
        "narHash": "sha256-b3zONUcYXZHeoeYwDZdSDCzMj0s6ubmD6NT3D7sS+jU=",
        "ref": "refs/heads/master",
        "rev": "b6ac40ef110c12ab1651fce5ea563f7837236439",
        "shallow": true,
        "type": "git",
        "url": "https://github.com/nlewo/nix2container"
      },
      "original": {
        "shallow": true,
        "type": "git",
        "url": "https://github.com/nlewo/nix2container"
      }
    },
    "nixos-anywhere": {
      "inputs": {
        "disko": "disko_2",
        "nix-vm-test": "nix-vm-test",
        "nixos-images": "nixos-images",
        "nixos-stable": "nixos-stable",
        "nixpkgs": [
          "nixpkgs"
        ],
        "treefmt-nix": "treefmt-nix"
      },
      "locked": {
        "lastModified": 1789567195,
        "narHash": "sha256-ymvPUaBvMmGvxsPbmrocpxO4XK+H+K12YjgKIyG3Rwk=",
        "ref": "refs/heads/main",
        "rev": "1c2f124e970fed2a49bd14ce0a8b4e9bff74d3b4",
        "shallow": true,
        "type": "git",
        "url": "https://github.com/nix-community/nixos-anywhere"
      },
      "original": {
        "shallow": true,
        "type": "git",
        "url": "https://github.com/nix-community/nixos-anywhere"
      }
    },
    "nixos-images": {
      "inputs": {
        "nixos-stable": [
          "nixos-anywhere",
          "nixos-stable"
        ],
        "nixos-unstable": [
          "nixos-anywhere",
          "nixpkgs"
        ]
      },
      "locked": {
        "lastModified": 1789036642,
        "narHash": "sha256-ng2Ou1UrVCP98OAJiq8Mv6aDF/kjQWyaKm4PaxWtAu4=",
        "owner": "nix-community",
        "repo": "nixos-images",
        "rev": "4fcaaefd02b5bc777f99afd620cb1a9aa1fb5b83",
        "type": "github"
      },
      "original": {
        "owner": "nix-community",
        "repo": "nixos-images",
        "type": "github"
      }
    },
    "nixos-stable": {
      "locked": {
        "lastModified": 1789114715,
        "narHash": "sha256-ugpsyk3NM2s87vXfUiIIiibbJ4Pp0JPS5p/3mfs+q+c=",
        "owner": "NixOS",
        "repo": "nixpkgs",
        "rev": "21a67dc470149f337cecafbe965d8d252a390518",
        "type": "github"
      },
      "original": {
        "owner": "NixOS",
        "ref": "nixos-26.05",
        "repo": "nixpkgs",
        "type": "github"
      }
    },
    "nixpkgs": {
      "locked": {
        "lastModified": 1789785513,
        "narHash": "sha256-B44WL6h0XoLjJ41bUPJk0X5SDinLCII//6EcBLXKiJ0=",
        "ref": "nixos-unstable",
        "rev": "20b1ddd1aa5ace70c9468305030aa4f9ef79671b",
        "shallow": true,
        "type": "git",
        "url": "https://github.com/NixOS/nixpkgs"
      },
      "original": {
        "ref": "nixos-unstable",
        "shallow": true,
        "type": "git",
        "url": "https://github.com/NixOS/nixpkgs"
      }
    },
    "root": {
      "inputs": {
        "disko": "disko",
        "home-manager": "home-manager",
        "my-emacs-config": "my-emacs-config",
        "my-mudra-config": "my-mudra-config",
        "my-nushell-config": "my-nushell-config",
        "my-nvim-config": "my-nvim-config",
        "nix2container": "nix2container",
        "nixos-anywhere": "nixos-anywhere",
        "nixpkgs": "nixpkgs",
        "rust-overlay": "rust-overlay"
      }
    },
    "rust-overlay": {
      "inputs": {
        "nixpkgs": [
          "nixpkgs"
        ]
      },
      "locked": {
        "lastModified": 1789889921,
        "narHash": "sha256-aL/ogiN7qZCGeNovS1f9hX73jwYIKb4Pcq6AZm57WtY=",
        "owner": "oxalica",
        "repo": "rust-overlay",
        "rev": "1fb104a12a8667045559b2575d6d448ae2fbd99b",
        "type": "github"
      },
      "original": {
        "owner": "oxalica",
        "repo": "rust-overlay",
        "type": "github"
      }
    },
    "treefmt-nix": {
      "inputs": {
        "nixpkgs": [
          "nixos-anywhere",
          "nixpkgs"
        ]
      },
      "locked": {
        "lastModified": 1786901030,
        "narHash": "sha256-WSFCsDSE5ffgD2MqzkM2CYjeFiKhRF/dJUN8uedb6YE=",
        "owner": "numtide",
        "repo": "treefmt-nix",
        "rev": "27b3b12a8e6375f28ebe122f07d230ca5459bbfa",
        "type": "github"
      },
      "original": {
        "owner": "numtide",
        "repo": "treefmt-nix",
        "type": "github"
      }
    }
  },
  "root": "root",
  "version": 7
}
